
Microsoft Visual Studio Solution File, Format Version 12.00
# Visual Studio Version 16
VisualStudioVersion = 16.0.29418.71
MinimumVisualStudioVersion = 10.0.40219.1
Project("{8BC9CEB8-8B4A-11D0-8D11-00A0C91BC942}") = "SEV-2019", "SEV-2019.vcxproj", "{2F6CA607-7BA7-4AD2-A3EC-F8AF420F1BBF}"
EndProject
Global
	GlobalSection(SolutionConfigurationPlatforms) = preSolution
		Debug|x64 = Debug|x64
		Debug|x86 = Debug|x86
		Release|x64 = Release|x64
		Release|x86 = Release|x86
	EndGlobalSection
	GlobalSection(ProjectConfigurationPlatforms) = postSolution
		{2F6CA607-7BA7-4AD2-A3EC-F8AF420F1BBF}.Debug|x64.ActiveCfg = Debug|x64
		{2F6CA607-7BA7-4AD2-A3EC-F8AF420F1BBF}.Debug|x64.Build.0 = Debug|x64
		{2F6CA607-7BA7-4AD2-A3EC-F8AF420F1BBF}.Debug|x86.ActiveCfg = Debug|Win32
		{2F6CA607-7BA7-4AD2-A3EC-F8AF420F1BBF}.Debug|x86.Build.0 = Debug|Win32
		{2F6CA607-7BA7-4AD2-A3EC-F8AF420F1BBF}.Release|x64.ActiveCfg = Release|x64
		{2F6CA607-7BA7-4AD2-A3EC-F8AF420F1BBF}.Release|x64.Build.0 = Release|x64
		{2F6CA607-7BA7-4AD2-A3EC-F8AF420F1BBF}.Release|x86.ActiveCfg = Release|Win32
		{2F6CA607-7BA7-4AD2-A3EC-F8AF420F1BBF}.Release|x86.Build.0 = Release|Win32
	EndGlobalSection
	GlobalSection(SolutionProperties) = preSolution
		HideSolutionNode = FALSE
	EndGlobalSection
	GlobalSection(ExtensibilityGlobals) = postSolution
		SolutionGuid = {084C2400-70EF-47EC-B6D1-0D361E09F929}
	EndGlobalSection
EndGlobal
